
Microsoft Visual Studio Solution File, Format Version 12.00
# Visual Studio Version 17
VisualStudioVersion = 17.3.32922.545
MinimumVisualStudioVersion = 10.0.40219.1
Project("{FAE04EC0-301F-11D3-BF4B-00C04F79EFBC}") = "3sem_2lab_c_sharp", "3sem_2lab_c_sharp.csproj", "{A84BE7E9-90EC-4CA2-9E19-FFE73656BE5F}"
EndProject
Global
	GlobalSection(SolutionConfigurationPlatforms) = preSolution
		Debug|Any CPU = Debug|Any CPU
		Release|Any CPU = Release|Any CPU
	EndGlobalSection
	GlobalSection(ProjectConfigurationPlatforms) = postSolution
		{A84BE7E9-90EC-4CA2-9E19-FFE73656BE5F}.Debug|Any CPU.ActiveCfg = Debug|Any CPU
		{A84BE7E9-90EC-4CA2-9E19-FFE73656BE5F}.Debug|Any CPU.Build.0 = Debug|Any CPU
		{A84BE7E9-90EC-4CA2-9E19-FFE73656BE5F}.Release|Any CPU.ActiveCfg = Release|Any CPU
		{A84BE7E9-90EC-4CA2-9E19-FFE73656BE5F}.Release|Any CPU.Build.0 = Release|Any CPU
	EndGlobalSection
	GlobalSection(SolutionProperties) = preSolution
		HideSolutionNode = FALSE
	EndGlobalSection
	GlobalSection(ExtensibilityGlobals) = postSolution
		SolutionGuid = {AE63F9B7-5B34-4CB2-B41C-908E36CE28EB}
	EndGlobalSection
EndGlobal
